
Microsoft Visual Studio Solution File, Format Version 12.00
# Visual Studio Version 17
VisualStudioVersion = 17.0.31903.59
MinimumVisualStudioVersion = 10.0.40219.1
Project("{FAE04EC0-301F-11D3-BF4B-00C04F79EFBC}") = "rental_project", "rental_project\rental_project.csproj", "{D081EFE3-765B-4046-A0EF-800AF2C3AD67}"
EndProject
Project("{FAE04EC0-301F-11D3-BF4B-00C04F79EFBC}") = "BackendTests", "BackendTests\BackendTests.csproj", "{65B7BAE0-FA29-4962-A45A-618A58058E7F}"
EndProject
Global
	GlobalSection(SolutionConfigurationPlatforms) = preSolution
		Debug|Any CPU = Debug|Any CPU
		Release|Any CPU = Release|Any CPU
	EndGlobalSection
	GlobalSection(SolutionProperties) = preSolution
		HideSolutionNode = FALSE
	EndGlobalSection
	GlobalSection(ProjectConfigurationPlatforms) = postSolution
		{D081EFE3-765B-4046-A0EF-800AF2C3AD67}.Debug|Any CPU.ActiveCfg = Debug|Any CPU
		{D081EFE3-765B-4046-A0EF-800AF2C3AD67}.Debug|Any CPU.Build.0 = Debug|Any CPU
		{D081EFE3-765B-4046-A0EF-800AF2C3AD67}.Release|Any CPU.ActiveCfg = Release|Any CPU
		{D081EFE3-765B-4046-A0EF-800AF2C3AD67}.Release|Any CPU.Build.0 = Release|Any CPU
		{65B7BAE0-FA29-4962-A45A-618A58058E7F}.Debug|Any CPU.ActiveCfg = Debug|Any CPU
		{65B7BAE0-FA29-4962-A45A-618A58058E7F}.Debug|Any CPU.Build.0 = Debug|Any CPU
		{65B7BAE0-FA29-4962-A45A-618A58058E7F}.Release|Any CPU.ActiveCfg = Release|Any CPU
		{65B7BAE0-FA29-4962-A45A-618A58058E7F}.Release|Any CPU.Build.0 = Release|Any CPU
	EndGlobalSection
EndGlobal
